
Microsoft Visual Studio Solution File, Format Version 12.00
# Visual Studio Version 16
VisualStudioVersion = 16.0.30114.105
MinimumVisualStudioVersion = 10.0.40219.1
Project("{FAE04EC0-301F-11D3-BF4B-00C04F79EFBC}") = "ClipboardMachinery", "ClipboardMachinery\ClipboardMachinery.csproj", "{2054BB95-F62E-49FA-83D9-053584EDEB94}"
EndProject
Project("{FAE04EC0-301F-11D3-BF4B-00C04F79EFBC}") = "ClipboardMachinery.Core", "ClipboardMachinery.Core\ClipboardMachinery.Core.csproj", "{DFB6D5D3-2DCF-44BC-9EAC-40C56B1D2190}"
EndProject
Global
	GlobalSection(SolutionConfigurationPlatforms) = preSolution
		Debug|Any CPU = Debug|Any CPU
		Release|Any CPU = Release|Any CPU
	EndGlobalSection
	GlobalSection(ProjectConfigurationPlatforms) = postSolution
		{2054BB95-F62E-49FA-83D9-053584EDEB94}.Debug|Any CPU.ActiveCfg = Debug|Any CPU
		{2054BB95-F62E-49FA-83D9-053584EDEB94}.Debug|Any CPU.Build.0 = Debug|Any CPU
		{2054BB95-F62E-49FA-83D9-053584EDEB94}.Release|Any CPU.ActiveCfg = Release|Any CPU
		{2054BB95-F62E-49FA-83D9-053584EDEB94}.Release|Any CPU.Build.0 = Release|Any CPU
		{DFB6D5D3-2DCF-44BC-9EAC-40C56B1D2190}.Debug|Any CPU.ActiveCfg = Debug|Any CPU
		{DFB6D5D3-2DCF-44BC-9EAC-40C56B1D2190}.Debug|Any CPU.Build.0 = Debug|Any CPU
		{DFB6D5D3-2DCF-44BC-9EAC-40C56B1D2190}.Release|Any CPU.ActiveCfg = Release|Any CPU
		{DFB6D5D3-2DCF-44BC-9EAC-40C56B1D2190}.Release|Any CPU.Build.0 = Release|Any CPU
	EndGlobalSection
	GlobalSection(SolutionProperties) = preSolution
		HideSolutionNode = FALSE
	EndGlobalSection
	GlobalSection(ExtensibilityGlobals) = postSolution
		SolutionGuid = {46102F2C-DC81-4C56-B487-AAD442025B8F}
	EndGlobalSection
EndGlobal
