
Microsoft Visual Studio Solution File, Format Version 12.00
# Visual Studio 15
VisualStudioVersion = 15.0.27428.2037
MinimumVisualStudioVersion = 10.0.40219.1
Project("{FAE04EC0-301F-11D3-BF4B-00C04F79EFBC}") = "ClipboardMachinery", "ClipboardMachinery\ClipboardMachinery.csproj", "{2054BB95-F62E-49FA-83D9-053584EDEB94}"
	ProjectSection(ProjectDependencies) = postProject
		{4E4B2CF7-9B7D-446C-8F12-AFB4544B9D81} = {4E4B2CF7-9B7D-446C-8F12-AFB4544B9D81}
	EndProjectSection
EndProject
Project("{FAE04EC0-301F-11D3-BF4B-00C04F79EFBC}") = "Bibliotheque", "..\Bibliotheque\Bibliotheque\Bibliotheque.csproj", "{4E4B2CF7-9B7D-446C-8F12-AFB4544B9D81}"
EndProject
Global
	GlobalSection(SolutionConfigurationPlatforms) = preSolution
		Debug|Any CPU = Debug|Any CPU
		Release|Any CPU = Release|Any CPU
	EndGlobalSection
	GlobalSection(ProjectConfigurationPlatforms) = postSolution
		{2054BB95-F62E-49FA-83D9-053584EDEB94}.Debug|Any CPU.ActiveCfg = Debug|Any CPU
		{2054BB95-F62E-49FA-83D9-053584EDEB94}.Debug|Any CPU.Build.0 = Debug|Any CPU
		{2054BB95-F62E-49FA-83D9-053584EDEB94}.Release|Any CPU.ActiveCfg = Release|Any CPU
		{2054BB95-F62E-49FA-83D9-053584EDEB94}.Release|Any CPU.Build.0 = Release|Any CPU
		{4E4B2CF7-9B7D-446C-8F12-AFB4544B9D81}.Debug|Any CPU.ActiveCfg = Debug|Any CPU
		{4E4B2CF7-9B7D-446C-8F12-AFB4544B9D81}.Debug|Any CPU.Build.0 = Debug|Any CPU
		{4E4B2CF7-9B7D-446C-8F12-AFB4544B9D81}.Release|Any CPU.ActiveCfg = Release|Any CPU
		{4E4B2CF7-9B7D-446C-8F12-AFB4544B9D81}.Release|Any CPU.Build.0 = Release|Any CPU
	EndGlobalSection
	GlobalSection(SolutionProperties) = preSolution
		HideSolutionNode = FALSE
	EndGlobalSection
	GlobalSection(ExtensibilityGlobals) = postSolution
		SolutionGuid = {46102F2C-DC81-4C56-B487-AAD442025B8F}
	EndGlobalSection
EndGlobal
